// !$*UTF8*$!
{
	archiveVersion = 1;
	classes = {
	};
	objectVersion = 46;
	objects = {

/* Begin PBXBuildFile section */
		1758F49418285CA300E49F93 /* FacebookSDK.framework in Frameworks */ = {isa = PBXBuildFile; fileRef = 1758F49318285CA300E49F93 /* FacebookSDK.framework */; };
		1758F4971828849300E49F93 /* ChatViewController.m in Sources */ = {isa = PBXBuildFile; fileRef = 1758F4961828849300E49F93 /* ChatViewController.m */; };
		1758F49A182884DE00E49F93 /* Chat.m in Sources */ = {isa = PBXBuildFile; fileRef = 1758F499182884DE00E49F93 /* Chat.m */; };
		1758F49D182885F200E49F93 /* ChatView.m in Sources */ = {isa = PBXBuildFile; fileRef = 1758F49C182885F200E49F93 /* ChatView.m */; };
		17768EC918270E8C0011521F /* Foundation.framework in Frameworks */ = {isa = PBXBuildFile; fileRef = 17768EC818270E8C0011521F /* Foundation.framework */; };
		17768ECB18270E8C0011521F /* CoreGraphics.framework in Frameworks */ = {isa = PBXBuildFile; fileRef = 17768ECA18270E8C0011521F /* CoreGraphics.framework */; };
		17768ECD18270E8C0011521F /* UIKit.framework in Frameworks */ = {isa = PBXBuildFile; fileRef = 17768ECC18270E8C0011521F /* UIKit.framework */; };
		17768ED318270E8D0011521F /* InfoPlist.strings in Resources */ = {isa = PBXBuildFile; fileRef = 17768ED118270E8D0011521F /* InfoPlist.strings */; };
		17768ED518270E8D0011521F /* main.m in Sources */ = {isa = PBXBuildFile; fileRef = 17768ED418270E8D0011521F /* main.m */; };
		17768ED918270E8D0011521F /* AppDelegate.m in Sources */ = {isa = PBXBuildFile; fileRef = 17768ED818270E8D0011521F /* AppDelegate.m */; };
		17768EDC18270E8D0011521F /* Main_iPhone.storyboard in Resources */ = {isa = PBXBuildFile; fileRef = 17768EDA18270E8D0011521F /* Main_iPhone.storyboard */; };
		17768EE718270E8D0011521F /* Images.xcassets in Resources */ = {isa = PBXBuildFile; fileRef = 17768EE618270E8D0011521F /* Images.xcassets */; };
		17768EEE18270E8D0011521F /* XCTest.framework in Frameworks */ = {isa = PBXBuildFile; fileRef = 17768EED18270E8D0011521F /* XCTest.framework */; };
		17768EEF18270E8D0011521F /* Foundation.framework in Frameworks */ = {isa = PBXBuildFile; fileRef = 17768EC818270E8C0011521F /* Foundation.framework */; };
		17768EF018270E8D0011521F /* UIKit.framework in Frameworks */ = {isa = PBXBuildFile; fileRef = 17768ECC18270E8C0011521F /* UIKit.framework */; };
		17768EF818270E8D0011521F /* InfoPlist.strings in Resources */ = {isa = PBXBuildFile; fileRef = 17768EF618270E8D0011521F /* InfoPlist.strings */; };
		17768EFA18270E8D0011521F /* HipsterChatTests.m in Sources */ = {isa = PBXBuildFile; fileRef = 17768EF918270E8D0011521F /* HipsterChatTests.m */; };
		17768F0418270F0F0011521F /* Parse.framework in Frameworks */ = {isa = PBXBuildFile; fileRef = 17768F0318270F0F0011521F /* Parse.framework */; };
		17768F0618270F300011521F /* AudioToolbox.framework in Frameworks */ = {isa = PBXBuildFile; fileRef = 17768F0518270F300011521F /* AudioToolbox.framework */; };
		17768F0818270F380011521F /* CFNetwork.framework in Frameworks */ = {isa = PBXBuildFile; fileRef = 17768F0718270F380011521F /* CFNetwork.framework */; };
		17768F0A18270F460011521F /* CoreLocation.framework in Frameworks */ = {isa = PBXBuildFile; fileRef = 17768F0918270F460011521F /* CoreLocation.framework */; };
		17768F0C18270F4C0011521F /* libz.1.1.3.dylib in Frameworks */ = {isa = PBXBuildFile; fileRef = 17768F0B18270F4C0011521F /* libz.1.1.3.dylib */; };
		17768F0E18270F520011521F /* MobileCoreServices.framework in Frameworks */ = {isa = PBXBuildFile; fileRef = 17768F0D18270F520011521F /* MobileCoreServices.framework */; };
		17768F1018270F580011521F /* QuartzCore.framework in Frameworks */ = {isa = PBXBuildFile; fileRef = 17768F0F18270F580011521F /* QuartzCore.framework */; };
		17768F1218270F5D0011521F /* Security.framework in Frameworks */ = {isa = PBXBuildFile; fileRef = 17768F1118270F5D0011521F /* Security.framework */; };
		17768F1418270F640011521F /* StoreKit.framework in Frameworks */ = {isa = PBXBuildFile; fileRef = 17768F1318270F640011521F /* StoreKit.framework */; };
		17768F1618270F6B0011521F /* SystemConfiguration.framework in Frameworks */ = {isa = PBXBuildFile; fileRef = 17768F1518270F6B0011521F /* SystemConfiguration.framework */; };
/* End PBXBuildFile section */

/* Begin PBXContainerItemProxy section */
		17768EF118270E8D0011521F /* PBXContainerItemProxy */ = {
			isa = PBXContainerItemProxy;
			containerPortal = 17768EBD18270E8C0011521F /* Project object */;
			proxyType = 1;
			remoteGlobalIDString = 17768EC418270E8C0011521F;
			remoteInfo = HipsterChat;
		};
/* End PBXContainerItemProxy section */

/* Begin PBXFileReference section */
		1758F49318285CA300E49F93 /* FacebookSDK.framework */ = {isa = PBXFileReference; lastKnownFileType = wrapper.framework; path = FacebookSDK.framework; sourceTree = "<group>"; };
		1758F4951828849300E49F93 /* ChatViewController.h */ = {isa = PBXFileReference; fileEncoding = 4; lastKnownFileType = sourcecode.c.h; path = ChatViewController.h; sourceTree = "<group>"; };
		1758F4961828849300E49F93 /* ChatViewController.m */ = {isa = PBXFileReference; fileEncoding = 4; lastKnownFileType = sourcecode.c.objc; path = ChatViewController.m; sourceTree = "<group>"; };
		1758F498182884DE00E49F93 /* Chat.h */ = {isa = PBXFileReference; fileEncoding = 4; lastKnownFileType = sourcecode.c.h; path = Chat.h; sourceTree = "<group>"; };
		1758F499182884DE00E49F93 /* Chat.m */ = {isa = PBXFileReference; fileEncoding = 4; lastKnownFileType = sourcecode.c.objc; path = Chat.m; sourceTree = "<group>"; };
		1758F49B182885F200E49F93 /* ChatView.h */ = {isa = PBXFileReference; fileEncoding = 4; lastKnownFileType = sourcecode.c.h; path = ChatView.h; sourceTree = "<group>"; };
		1758F49C182885F200E49F93 /* ChatView.m */ = {isa = PBXFileReference; fileEncoding = 4; lastKnownFileType = sourcecode.c.objc; path = ChatView.m; sourceTree = "<group>"; };
		17768EC518270E8C0011521F /* HipsterChat.app */ = {isa = PBXFileReference; explicitFileType = wrapper.application; includeInIndex = 0; path = HipsterChat.app; sourceTree = BUILT_PRODUCTS_DIR; };
		17768EC818270E8C0011521F /* Foundation.framework */ = {isa = PBXFileReference; lastKnownFileType = wrapper.framework; name = Foundation.framework; path = System/Library/Frameworks/Foundation.framework; sourceTree = SDKROOT; };
		17768ECA18270E8C0011521F /* CoreGraphics.framework */ = {isa = PBXFileReference; lastKnownFileType = wrapper.framework; name = CoreGraphics.framework; path = System/Library/Frameworks/CoreGraphics.framework; sourceTree = SDKROOT; };
		17768ECC18270E8C0011521F /* UIKit.framework */ = {isa = PBXFileReference; lastKnownFileType = wrapper.framework; name = UIKit.framework; path = System/Library/Frameworks/UIKit.framework; sourceTree = SDKROOT; };
		17768ED018270E8D0011521F /* HipsterChat-Info.plist */ = {isa = PBXFileReference; lastKnownFileType = text.plist.xml; path = "HipsterChat-Info.plist"; sourceTree = "<group>"; };
		17768ED218270E8D0011521F /* en */ = {isa = PBXFileReference; lastKnownFileType = text.plist.strings; name = en; path = en.lproj/InfoPlist.strings; sourceTree = "<group>"; };
		17768ED418270E8D0011521F /* main.m */ = {isa = PBXFileReference; lastKnownFileType = sourcecode.c.objc; path = main.m; sourceTree = "<group>"; };
		17768ED618270E8D0011521F /* HipsterChat-Prefix.pch */ = {isa = PBXFileReference; lastKnownFileType = sourcecode.c.h; path = "HipsterChat-Prefix.pch"; sourceTree = "<group>"; };
		17768ED718270E8D0011521F /* AppDelegate.h */ = {isa = PBXFileReference; lastKnownFileType = sourcecode.c.h; path = AppDelegate.h; sourceTree = "<group>"; };
		17768ED818270E8D0011521F /* AppDelegate.m */ = {isa = PBXFileReference; lastKnownFileType = sourcecode.c.objc; path = AppDelegate.m; sourceTree = "<group>"; };
		17768EDB18270E8D0011521F /* Base */ = {isa = PBXFileReference; lastKnownFileType = file.storyboard; name = Base; path = Base.lproj/Main_iPhone.storyboard; sourceTree = "<group>"; };
		17768EE618270E8D0011521F /* Images.xcassets */ = {isa = PBXFileReference; lastKnownFileType = folder.assetcatalog; path = Images.xcassets; sourceTree = "<group>"; };
		17768EEC18270E8D0011521F /* HipsterChatTests.xctest */ = {isa = PBXFileReference; explicitFileType = wrapper.cfbundle; includeInIndex = 0; path = HipsterChatTests.xctest; sourceTree = BUILT_PRODUCTS_DIR; };
		17768EED18270E8D0011521F /* XCTest.framework */ = {isa = PBXFileReference; lastKnownFileType = wrapper.framework; name = XCTest.framework; path = Library/Frameworks/XCTest.framework; sourceTree = DEVELOPER_DIR; };
		17768EF518270E8D0011521F /* HipsterChatTests-Info.plist */ = {isa = PBXFileReference; lastKnownFileType = text.plist.xml; path = "HipsterChatTests-Info.plist"; sourceTree = "<group>"; };
		17768EF718270E8D0011521F /* en */ = {isa = PBXFileReference; lastKnownFileType = text.plist.strings; name = en; path = en.lproj/InfoPlist.strings; sourceTree = "<group>"; };
		17768EF918270E8D0011521F /* HipsterChatTests.m */ = {isa = PBXFileReference; lastKnownFileType = sourcecode.c.objc; path = HipsterChatTests.m; sourceTree = "<group>"; };
		17768F0318270F0F0011521F /* Parse.framework */ = {isa = PBXFileReference; lastKnownFileType = wrapper.framework; path = Parse.framework; sourceTree = "<group>"; };
		17768F0518270F300011521F /* AudioToolbox.framework */ = {isa = PBXFileReference; lastKnownFileType = wrapper.framework; name = AudioToolbox.framework; path = System/Library/Frameworks/AudioToolbox.framework; sourceTree = SDKROOT; };
		17768F0718270F380011521F /* CFNetwork.framework */ = {isa = PBXFileReference; lastKnownFileType = wrapper.framework; name = CFNetwork.framework; path = System/Library/Frameworks/CFNetwork.framework; sourceTree = SDKROOT; };
		17768F0918270F460011521F /* CoreLocation.framework */ = {isa = PBXFileReference; lastKnownFileType = wrapper.framework; name = CoreLocation.framework; path = System/Library/Frameworks/CoreLocation.framework; sourceTree = SDKROOT; };
		17768F0B18270F4C0011521F /* libz.1.1.3.dylib */ = {isa = PBXFileReference; lastKnownFileType = "compiled.mach-o.dylib"; name = libz.1.1.3.dylib; path = usr/lib/libz.1.1.3.dylib; sourceTree = SDKROOT; };
		17768F0D18270F520011521F /* MobileCoreServices.framework */ = {isa = PBXFileReference; lastKnownFileType = wrapper.framework; name = MobileCoreServices.framework; path = System/Library/Frameworks/MobileCoreServices.framework; sourceTree = SDKROOT; };
		17768F0F18270F580011521F /* QuartzCore.framework */ = {isa = PBXFileReference; lastKnownFileType = wrapper.framework; name = QuartzCore.framework; path = System/Library/Frameworks/QuartzCore.framework; sourceTree = SDKROOT; };
		17768F1118270F5D0011521F /* Security.framework */ = {isa = PBXFileReference; lastKnownFileType = wrapper.framework; name = Security.framework; path = System/Library/Frameworks/Security.framework; sourceTree = SDKROOT; };
		17768F1318270F640011521F /* StoreKit.framework */ = {isa = PBXFileReference; lastKnownFileType = wrapper.framework; name = StoreKit.framework; path = System/Library/Frameworks/StoreKit.framework; sourceTree = SDKROOT; };
		17768F1518270F6B0011521F /* SystemConfiguration.framework */ = {isa = PBXFileReference; lastKnownFileType = wrapper.framework; name = SystemConfiguration.framework; path = System/Library/Frameworks/SystemConfiguration.framework; sourceTree = SDKROOT; };
/* End PBXFileReference section */

/* Begin PBXFrameworksBuildPhase section */
		17768EC218270E8C0011521F /* Frameworks */ = {
			isa = PBXFrameworksBuildPhase;
			buildActionMask = 2147483647;
			files = (
				17768F1618270F6B0011521F /* SystemConfiguration.framework in Frameworks */,
				17768F1418270F640011521F /* StoreKit.framework in Frameworks */,
				17768F1218270F5D0011521F /* Security.framework in Frameworks */,
				17768F1018270F580011521F /* QuartzCore.framework in Frameworks */,
				17768F0E18270F520011521F /* MobileCoreServices.framework in Frameworks */,
				17768F0C18270F4C0011521F /* libz.1.1.3.dylib in Frameworks */,
				17768F0A18270F460011521F /* CoreLocation.framework in Frameworks */,
				17768ECB18270E8C0011521F /* CoreGraphics.framework in Frameworks */,
				17768F0818270F380011521F /* CFNetwork.framework in Frameworks */,
				17768F0618270F300011521F /* AudioToolbox.framework in Frameworks */,
				17768ECD18270E8C0011521F /* UIKit.framework in Frameworks */,
				17768F0418270F0F0011521F /* Parse.framework in Frameworks */,
				17768EC918270E8C0011521F /* Foundation.framework in Frameworks */,
				1758F49418285CA300E49F93 /* FacebookSDK.framework in Frameworks */,
			);
			runOnlyForDeploymentPostprocessing = 0;
		};
		17768EE918270E8D0011521F /* Frameworks */ = {
			isa = PBXFrameworksBuildPhase;
			buildActionMask = 2147483647;
			files = (
				17768EEE18270E8D0011521F /* XCTest.framework in Frameworks */,
				17768EF018270E8D0011521F /* UIKit.framework in Frameworks */,
				17768EEF18270E8D0011521F /* Foundation.framework in Frameworks */,
			);
			runOnlyForDeploymentPostprocessing = 0;
		};
/* End PBXFrameworksBuildPhase section */

/* Begin PBXGroup section */
		17768EBC18270E8C0011521F = {
			isa = PBXGroup;
			children = (
				17768ECE18270E8D0011521F /* HipsterChat */,
				17768EF318270E8D0011521F /* HipsterChatTests */,
				17768EC718270E8C0011521F /* Frameworks */,
				17768EC618270E8C0011521F /* Products */,
			);
			sourceTree = "<group>";
		};
		17768EC618270E8C0011521F /* Products */ = {
			isa = PBXGroup;
			children = (
				17768EC518270E8C0011521F /* HipsterChat.app */,
				17768EEC18270E8D0011521F /* HipsterChatTests.xctest */,
			);
			name = Products;
			sourceTree = "<group>";
		};
		17768EC718270E8C0011521F /* Frameworks */ = {
			isa = PBXGroup;
			children = (
				1758F49318285CA300E49F93 /* FacebookSDK.framework */,
				17768F1518270F6B0011521F /* SystemConfiguration.framework */,
				17768F1318270F640011521F /* StoreKit.framework */,
				17768F1118270F5D0011521F /* Security.framework */,
				17768F0F18270F580011521F /* QuartzCore.framework */,
				17768F0D18270F520011521F /* MobileCoreServices.framework */,
				17768F0B18270F4C0011521F /* libz.1.1.3.dylib */,
				17768F0918270F460011521F /* CoreLocation.framework */,
				17768F0718270F380011521F /* CFNetwork.framework */,
				17768F0518270F300011521F /* AudioToolbox.framework */,
				17768F0318270F0F0011521F /* Parse.framework */,
				17768EC818270E8C0011521F /* Foundation.framework */,
				17768ECA18270E8C0011521F /* CoreGraphics.framework */,
				17768ECC18270E8C0011521F /* UIKit.framework */,
				17768EED18270E8D0011521F /* XCTest.framework */,
			);
			name = Frameworks;
			sourceTree = "<group>";
		};
		17768ECE18270E8D0011521F /* HipsterChat */ = {
			isa = PBXGroup;
			children = (
				17768EDA18270E8D0011521F /* Main_iPhone.storyboard */,
				17768ED718270E8D0011521F /* AppDelegate.h */,
				17768ED818270E8D0011521F /* AppDelegate.m */,
				1758F4951828849300E49F93 /* ChatViewController.h */,
				1758F4961828849300E49F93 /* ChatViewController.m */,
				1758F49B182885F200E49F93 /* ChatView.h */,
				1758F49C182885F200E49F93 /* ChatView.m */,
				1758F498182884DE00E49F93 /* Chat.h */,
				1758F499182884DE00E49F93 /* Chat.m */,
				17768EE618270E8D0011521F /* Images.xcassets */,
				17768ECF18270E8D0011521F /* Supporting Files */,
			);
			path = HipsterChat;
			sourceTree = "<group>";
		};
		17768ECF18270E8D0011521F /* Supporting Files */ = {
			isa = PBXGroup;
			children = (
				17768ED018270E8D0011521F /* HipsterChat-Info.plist */,
				17768ED118270E8D0011521F /* InfoPlist.strings */,
				17768ED418270E8D0011521F /* main.m */,
				17768ED618270E8D0011521F /* HipsterChat-Prefix.pch */,
			);
			name = "Supporting Files";
			sourceTree = "<group>";
		};
		17768EF318270E8D0011521F /* HipsterChatTests */ = {
			isa = PBXGroup;
			children = (
				17768EF918270E8D0011521F /* HipsterChatTests.m */,
				17768EF418270E8D0011521F /* Supporting Files */,
			);
			path = HipsterChatTests;
			sourceTree = "<group>";
		};
		17768EF418270E8D0011521F /* Supporting Files */ = {
			isa = PBXGroup;
			children = (
				17768EF518270E8D0011521F /* HipsterChatTests-Info.plist */,
				17768EF618270E8D0011521F /* InfoPlist.strings */,
			);
			name = "Supporting Files";
			sourceTree = "<group>";
		};
/* End PBXGroup section */

/* Begin PBXNativeTarget section */
		17768EC418270E8C0011521F /* HipsterChat */ = {
			isa = PBXNativeTarget;
			buildConfigurationList = 17768EFD18270E8D0011521F /* Build configuration list for PBXNativeTarget "HipsterChat" */;
			buildPhases = (
				17768EC118270E8C0011521F /* Sources */,
				17768EC218270E8C0011521F /* Frameworks */,
				17768EC318270E8C0011521F /* Resources */,
			);
			buildRules = (
			);
			dependencies = (
			);
			name = HipsterChat;
			productName = HipsterChat;
			productReference = 17768EC518270E8C0011521F /* HipsterChat.app */;
			productType = "com.apple.product-type.application";
		};
		17768EEB18270E8D0011521F /* HipsterChatTests */ = {
			isa = PBXNativeTarget;
			buildConfigurationList = 17768F0018270E8D0011521F /* Build configuration list for PBXNativeTarget "HipsterChatTests" */;
			buildPhases = (
				17768EE818270E8D0011521F /* Sources */,
				17768EE918270E8D0011521F /* Frameworks */,
				17768EEA18270E8D0011521F /* Resources */,
			);
			buildRules = (
			);
			dependencies = (
				17768EF218270E8D0011521F /* PBXTargetDependency */,
			);
			name = HipsterChatTests;
			productName = HipsterChatTests;
			productReference = 17768EEC18270E8D0011521F /* HipsterChatTests.xctest */;
			productType = "com.apple.product-type.bundle.unit-test";
		};
/* End PBXNativeTarget section */

/* Begin PBXProject section */
		17768EBD18270E8C0011521F /* Project object */ = {
			isa = PBXProject;
			attributes = {
				LastUpgradeCheck = 0500;
				ORGANIZATIONNAME = "Thomas Bouldin";
				TargetAttributes = {
					17768EC418270E8C0011521F = {
						SystemCapabilities = {
							com.apple.BackgroundModes = {
								enabled = 1;
							};
						};
					};
					17768EEB18270E8D0011521F = {
						TestTargetID = 17768EC418270E8C0011521F;
					};
				};
			};
			buildConfigurationList = 17768EC018270E8C0011521F /* Build configuration list for PBXProject "HipsterChat" */;
			compatibilityVersion = "Xcode 3.2";
			developmentRegion = English;
			hasScannedForEncodings = 0;
			knownRegions = (
				en,
				Base,
			);
			mainGroup = 17768EBC18270E8C0011521F;
			productRefGroup = 17768EC618270E8C0011521F /* Products */;
			projectDirPath = "";
			projectRoot = "";
			targets = (
				17768EC418270E8C0011521F /* HipsterChat */,
				17768EEB18270E8D0011521F /* HipsterChatTests */,
			);
		};
/* End PBXProject section */

/* Begin PBXResourcesBuildPhase section */
		17768EC318270E8C0011521F /* Resources */ = {
			isa = PBXResourcesBuildPhase;
			buildActionMask = 2147483647;
			files = (
				17768EE718270E8D0011521F /* Images.xcassets in Resources */,
				17768EDC18270E8D0011521F /* Main_iPhone.storyboard in Resources */,
				17768ED318270E8D0011521F /* InfoPlist.strings in Resources */,
			);
			runOnlyForDeploymentPostprocessing = 0;
		};
		17768EEA18270E8D0011521F /* Resources */ = {
			isa = PBXResourcesBuildPhase;
			buildActionMask = 2147483647;
			files = (
				17768EF818270E8D0011521F /* InfoPlist.strings in Resources */,
			);
			runOnlyForDeploymentPostprocessing = 0;
		};
/* End PBXResourcesBuildPhase section */

/* Begin PBXSourcesBuildPhase section */
		17768EC118270E8C0011521F /* Sources */ = {
			isa = PBXSourcesBuildPhase;
			buildActionMask = 2147483647;
			files = (
				17768ED918270E8D0011521F /* AppDelegate.m in Sources */,
				1758F49A182884DE00E49F93 /* Chat.m in Sources */,
				17768ED518270E8D0011521F /* main.m in Sources */,
				1758F49D182885F200E49F93 /* ChatView.m in Sources */,
				1758F4971828849300E49F93 /* ChatViewController.m in Sources */,
			);
			runOnlyForDeploymentPostprocessing = 0;
		};
		17768EE818270E8D0011521F /* Sources */ = {
			isa = PBXSourcesBuildPhase;
			buildActionMask = 2147483647;
			files = (
				17768EFA18270E8D0011521F /* HipsterChatTests.m in Sources */,
			);
			runOnlyForDeploymentPostprocessing = 0;
		};
/* End PBXSourcesBuildPhase section */

/* Begin PBXTargetDependency section */
		17768EF218270E8D0011521F /* PBXTargetDependency */ = {
			isa = PBXTargetDependency;
			target = 17768EC418270E8C0011521F /* HipsterChat */;
			targetProxy = 17768EF118270E8D0011521F /* PBXContainerItemProxy */;
		};
/* End PBXTargetDependency section */

/* Begin PBXVariantGroup section */
		17768ED118270E8D0011521F /* InfoPlist.strings */ = {
			isa = PBXVariantGroup;
			children = (
				17768ED218270E8D0011521F /* en */,
			);
			name = InfoPlist.strings;
			sourceTree = "<group>";
		};
		17768EDA18270E8D0011521F /* Main_iPhone.storyboard */ = {
			isa = PBXVariantGroup;
			children = (
				17768EDB18270E8D0011521F /* Base */,
			);
			name = Main_iPhone.storyboard;
			sourceTree = "<group>";
		};
		17768EF618270E8D0011521F /* InfoPlist.strings */ = {
			isa = PBXVariantGroup;
			children = (
				17768EF718270E8D0011521F /* en */,
			);
			name = InfoPlist.strings;
			sourceTree = "<group>";
		};
/* End PBXVariantGroup section */

/* Begin XCBuildConfiguration section */
		17768EFB18270E8D0011521F /* Debug */ = {
			isa = XCBuildConfiguration;
			buildSettings = {
				ALWAYS_SEARCH_USER_PATHS = NO;
				ARCHS = "$(ARCHS_STANDARD_INCLUDING_64_BIT)";
				CLANG_CXX_LANGUAGE_STANDARD = "gnu++0x";
				CLANG_CXX_LIBRARY = "libc++";
				CLANG_ENABLE_MODULES = YES;
				CLANG_ENABLE_OBJC_ARC = YES;
				CLANG_WARN_BOOL_CONVERSION = YES;
				CLANG_WARN_CONSTANT_CONVERSION = YES;
				CLANG_WARN_DIRECT_OBJC_ISA_USAGE = YES_ERROR;
				CLANG_WARN_EMPTY_BODY = YES;
				CLANG_WARN_ENUM_CONVERSION = YES;
				CLANG_WARN_INT_CONVERSION = YES;
				CLANG_WARN_OBJC_ROOT_CLASS = YES_ERROR;
				CLANG_WARN__DUPLICATE_METHOD_MATCH = YES;
				"CODE_SIGN_IDENTITY[sdk=iphoneos*]" = "iPhone Developer";
				COPY_PHASE_STRIP = NO;
				GCC_C_LANGUAGE_STANDARD = gnu99;
				GCC_DYNAMIC_NO_PIC = NO;
				GCC_OPTIMIZATION_LEVEL = 0;
				GCC_PREPROCESSOR_DEFINITIONS = (
					"DEBUG=1",
					"$(inherited)",
				);
				GCC_SYMBOLS_PRIVATE_EXTERN = NO;
				GCC_WARN_64_TO_32_BIT_CONVERSION = YES;
				GCC_WARN_ABOUT_RETURN_TYPE = YES_ERROR;
				GCC_WARN_UNDECLARED_SELECTOR = YES;
				GCC_WARN_UNINITIALIZED_AUTOS = YES;
				GCC_WARN_UNUSED_FUNCTION = YES;
				GCC_WARN_UNUSED_VARIABLE = YES;
				IPHONEOS_DEPLOYMENT_TARGET = 7.0;
				ONLY_ACTIVE_ARCH = YES;
				SDKROOT = iphoneos;
				TARGETED_DEVICE_FAMILY = "1,2";
			};
			name = Debug;
		};
		17768EFC18270E8D0011521F /* Release */ = {
			isa = XCBuildConfiguration;
			buildSettings = {
				ALWAYS_SEARCH_USER_PATHS = NO;
				ARCHS = "$(ARCHS_STANDARD_INCLUDING_64_BIT)";
				CLANG_CXX_LANGUAGE_STANDARD = "gnu++0x";
				CLANG_CXX_LIBRARY = "libc++";
				CLANG_ENABLE_MODULES = YES;
				CLANG_ENABLE_OBJC_ARC = YES;
				CLANG_WARN_BOOL_CONVERSION = YES;
				CLANG_WARN_CONSTANT_CONVERSION = YES;
				CLANG_WARN_DIRECT_OBJC_ISA_USAGE = YES_ERROR;
				CLANG_WARN_EMPTY_BODY = YES;
				CLANG_WARN_ENUM_CONVERSION = YES;
				CLANG_WARN_INT_CONVERSION = YES;
				CLANG_WARN_OBJC_ROOT_CLASS = YES_ERROR;
				CLANG_WARN__DUPLICATE_METHOD_MATCH = YES;
				"CODE_SIGN_IDENTITY[sdk=iphoneos*]" = "iPhone Developer";
				COPY_PHASE_STRIP = YES;
				ENABLE_NS_ASSERTIONS = NO;
				GCC_C_LANGUAGE_STANDARD = gnu99;
				GCC_WARN_64_TO_32_BIT_CONVERSION = YES;
				GCC_WARN_ABOUT_RETURN_TYPE = YES_ERROR;
				GCC_WARN_UNDECLARED_SELECTOR = YES;
				GCC_WARN_UNINITIALIZED_AUTOS = YES;
				GCC_WARN_UNUSED_FUNCTION = YES;
				GCC_WARN_UNUSED_VARIABLE = YES;
				IPHONEOS_DEPLOYMENT_TARGET = 7.0;
				SDKROOT = iphoneos;
				TARGETED_DEVICE_FAMILY = "1,2";
				VALIDATE_PRODUCT = YES;
			};
			name = Release;
		};
		17768EFE18270E8D0011521F /* Debug */ = {
			isa = XCBuildConfiguration;
			buildSettings = {
				ASSETCATALOG_COMPILER_APPICON_NAME = AppIcon;
				ASSETCATALOG_COMPILER_LAUNCHIMAGE_NAME = LaunchImage;
				FRAMEWORK_SEARCH_PATHS = (
					"$(inherited)",
					/Users/tab/git/HipsterChat,
				);
				GCC_PRECOMPILE_PREFIX_HEADER = YES;
				GCC_PREFIX_HEADER = "HipsterChat/HipsterChat-Prefix.pch";
				INFOPLIST_FILE = "HipsterChat/HipsterChat-Info.plist";
				PRODUCT_NAME = "$(TARGET_NAME)";
				TARGETED_DEVICE_FAMILY = 1;
				WRAPPER_EXTENSION = app;
			};
			name = Debug;
		};
		17768EFF18270E8D0011521F /* Release */ = {
			isa = XCBuildConfiguration;
			buildSettings = {
				ASSETCATALOG_COMPILER_APPICON_NAME = AppIcon;
				ASSETCATALOG_COMPILER_LAUNCHIMAGE_NAME = LaunchImage;
				FRAMEWORK_SEARCH_PATHS = (
					"$(inherited)",
					/Users/tab/git/HipsterChat,
				);
				GCC_PRECOMPILE_PREFIX_HEADER = YES;
				GCC_PREFIX_HEADER = "HipsterChat/HipsterChat-Prefix.pch";
				INFOPLIST_FILE = "HipsterChat/HipsterChat-Info.plist";
				PRODUCT_NAME = "$(TARGET_NAME)";
				TARGETED_DEVICE_FAMILY = 1;
				WRAPPER_EXTENSION = app;
			};
			name = Release;
		};
		17768F0118270E8D0011521F /* Debug */ = {
			isa = XCBuildConfiguration;
			buildSettings = {
				ARCHS = "$(ARCHS_STANDARD_INCLUDING_64_BIT)";
				BUNDLE_LOADER = "$(BUILT_PRODUCTS_DIR)/HipsterChat.app/HipsterChat";
				FRAMEWORK_SEARCH_PATHS = (
					"$(SDKROOT)/Developer/Library/Frameworks",
					"$(inherited)",
					"$(DEVELOPER_FRAMEWORKS_DIR)",
				);
				GCC_PRECOMPILE_PREFIX_HEADER = YES;
				GCC_PREFIX_HEADER = "HipsterChat/HipsterChat-Prefix.pch";
				GCC_PREPROCESSOR_DEFINITIONS = (
					"DEBUG=1",
					"$(inherited)",
				);
				INFOPLIST_FILE = "HipsterChatTests/HipsterChatTests-Info.plist";
				PRODUCT_NAME = "$(TARGET_NAME)";
				TEST_HOST = "$(BUNDLE_LOADER)";
				WRAPPER_EXTENSION = xctest;
			};
			name = Debug;
		};
		17768F0218270E8D0011521F /* Release */ = {
			isa = XCBuildConfiguration;
			buildSettings = {
				ARCHS = "$(ARCHS_STANDARD_INCLUDING_64_BIT)";
				BUNDLE_LOADER = "$(BUILT_PRODUCTS_DIR)/HipsterChat.app/HipsterChat";
				FRAMEWORK_SEARCH_PATHS = (
					"$(SDKROOT)/Developer/Library/Frameworks",
					"$(inherited)",
					"$(DEVELOPER_FRAMEWORKS_DIR)",
				);
				GCC_PRECOMPILE_PREFIX_HEADER = YES;
				GCC_PREFIX_HEADER = "HipsterChat/HipsterChat-Prefix.pch";
				INFOPLIST_FILE = "HipsterChatTests/HipsterChatTests-Info.plist";
				PRODUCT_NAME = "$(TARGET_NAME)";
				TEST_HOST = "$(BUNDLE_LOADER)";
				WRAPPER_EXTENSION = xctest;
			};
			name = Release;
		};
/* End XCBuildConfiguration section */

/* Begin XCConfigurationList section */
		17768EC018270E8C0011521F /* Build configuration list for PBXProject "HipsterChat" */ = {
			isa = XCConfigurationList;
			buildConfigurations = (
				17768EFB18270E8D0011521F /* Debug */,
				17768EFC18270E8D0011521F /* Release */,
			);
			defaultConfigurationIsVisible = 0;
			defaultConfigurationName = Release;
		};
		17768EFD18270E8D0011521F /* Build configuration list for PBXNativeTarget "HipsterChat" */ = {
			isa = XCConfigurationList;
			buildConfigurations = (
				17768EFE18270E8D0011521F /* Debug */,
				17768EFF18270E8D0011521F /* Release */,
			);
			defaultConfigurationIsVisible = 0;
			defaultConfigurationName = Release;
		};
		17768F0018270E8D0011521F /* Build configuration list for PBXNativeTarget "HipsterChatTests" */ = {
			isa = XCConfigurationList;
			buildConfigurations = (
				17768F0118270E8D0011521F /* Debug */,
				17768F0218270E8D0011521F /* Release */,
			);
			defaultConfigurationIsVisible = 0;
			defaultConfigurationName = Release;
		};
/* End XCConfigurationList section */
	};
	rootObject = 17768EBD18270E8C0011521F /* Project object */;
}
